Microsoft Visual Studio Solution File, Format Version 7.00
Project("{FAE04EC0-301F-11D3-BF4B-00C04F79EFBC}") = "PaintCellsOfGrid", "PaintCellsOfGrid.csproj", "{71B9EA4F-8766-4D3A-87DE-647B4D068813}"
EndProject
Global
	GlobalSection(SolutionConfiguration) = preSolution
		ConfigName.0 = Debug
		ConfigName.1 = Release
	EndGlobalSection
	GlobalSection(ProjectDependencies) = postSolution
	EndGlobalSection
	GlobalSection(ProjectConfiguration) = postSolution
		{71B9EA4F-8766-4D3A-87DE-647B4D068813}.Debug.ActiveCfg = Debug|.NET
		{71B9EA4F-8766-4D3A-87DE-647B4D068813}.Debug.Build.0 = Debug|.NET
		{71B9EA4F-8766-4D3A-87DE-647B4D068813}.Release.ActiveCfg = Release|.NET
		{71B9EA4F-8766-4D3A-87DE-647B4D068813}.Release.Build.0 = Release|.NET
	EndGlobalSection
	GlobalSection(ExtensibilityGlobals) = postSolution
	EndGlobalSection
	GlobalSection(ExtensibilityAddIns) = postSolution
	EndGlobalSection
EndGlobal
